
Microsoft Visual Studio Solution File, Format Version 12.00
# Visual Studio Version 17
VisualStudioVersion = 17.10.35122.118
MinimumVisualStudioVersion = 10.0.40219.1
Project("{FAE04EC0-301F-11D3-BF4B-00C04F79EFBC}") = "backendForStudentRegisterApp", "backendForStudentRegisterApp.csproj", "{281DEC81-09D1-4995-8FBD-8252813C6ACF}"
EndProject
Global
	GlobalSection(SolutionConfigurationPlatforms) = preSolution
		Debug|Any CPU = Debug|Any CPU
		Release|Any CPU = Release|Any CPU
	EndGlobalSection
	GlobalSection(ProjectConfigurationPlatforms) = postSolution
		{281DEC81-09D1-4995-8FBD-8252813C6ACF}.Debug|Any CPU.ActiveCfg = Debug|Any CPU
		{281DEC81-09D1-4995-8FBD-8252813C6ACF}.Debug|Any CPU.Build.0 = Debug|Any CPU
		{281DEC81-09D1-4995-8FBD-8252813C6ACF}.Release|Any CPU.ActiveCfg = Release|Any CPU
		{281DEC81-09D1-4995-8FBD-8252813C6ACF}.Release|Any CPU.Build.0 = Release|Any CPU
	EndGlobalSection
	GlobalSection(SolutionProperties) = preSolution
		HideSolutionNode = FALSE
	EndGlobalSection
	GlobalSection(ExtensibilityGlobals) = postSolution
		SolutionGuid = {68C866D8-AFB9-4816-B254-E448F7838741}
	EndGlobalSection
EndGlobal
