
Microsoft Visual Studio Solution File, Format Version 12.00
# Visual Studio Version 17
VisualStudioVersion = 17.10.35122.118
MinimumVisualStudioVersion = 10.0.40219.1
Project("{FAE04EC0-301F-11D3-BF4B-00C04F79EFBC}") = "HelloWorld", "HelloWorld.csproj", "{76C04DE8-15FE-4B7B-A2C5-23D273E960FF}"
EndProject
Global
	GlobalSection(SolutionConfigurationPlatforms) = preSolution
		Debug|Any CPU = Debug|Any CPU
		Release|Any CPU = Release|Any CPU
	EndGlobalSection
	GlobalSection(ProjectConfigurationPlatforms) = postSolution
		{76C04DE8-15FE-4B7B-A2C5-23D273E960FF}.Debug|Any CPU.ActiveCfg = Debug|Any CPU
		{76C04DE8-15FE-4B7B-A2C5-23D273E960FF}.Debug|Any CPU.Build.0 = Debug|Any CPU
		{76C04DE8-15FE-4B7B-A2C5-23D273E960FF}.Release|Any CPU.ActiveCfg = Release|Any CPU
		{76C04DE8-15FE-4B7B-A2C5-23D273E960FF}.Release|Any CPU.Build.0 = Release|Any CPU
	EndGlobalSection
	GlobalSection(SolutionProperties) = preSolution
		HideSolutionNode = FALSE
	EndGlobalSection
	GlobalSection(ExtensibilityGlobals) = postSolution
		SolutionGuid = {F00AD2FF-DB3C-46B4-9018-9CBE8540B5DD}
	EndGlobalSection
EndGlobal
