
Microsoft Visual Studio Solution File, Format Version 12.00
# Visual Studio Version 17
VisualStudioVersion = 17.10.35122.118
MinimumVisualStudioVersion = 10.0.40219.1
Project("{FAE04EC0-301F-11D3-BF4B-00C04F79EFBC}") = "Getting_started_DOTNET", "Getting_started_DOTNET\Getting_started_DOTNET.csproj", "{8463ABC9-0607-4E3D-9C42-3B20232B9CF2}"
EndProject
Global
	GlobalSection(SolutionConfigurationPlatforms) = preSolution
		Debug|Any CPU = Debug|Any CPU
		Release|Any CPU = Release|Any CPU
	EndGlobalSection
	GlobalSection(ProjectConfigurationPlatforms) = postSolution
		{8463ABC9-0607-4E3D-9C42-3B20232B9CF2}.Debug|Any CPU.ActiveCfg = Debug|Any CPU
		{8463ABC9-0607-4E3D-9C42-3B20232B9CF2}.Debug|Any CPU.Build.0 = Debug|Any CPU
		{8463ABC9-0607-4E3D-9C42-3B20232B9CF2}.Release|Any CPU.ActiveCfg = Release|Any CPU
		{8463ABC9-0607-4E3D-9C42-3B20232B9CF2}.Release|Any CPU.Build.0 = Release|Any CPU
	EndGlobalSection
	GlobalSection(SolutionProperties) = preSolution
		HideSolutionNode = FALSE
	EndGlobalSection
	GlobalSection(ExtensibilityGlobals) = postSolution
		SolutionGuid = {6CA639B5-09AA-4248-BE26-30DB59C2D6E9}
	EndGlobalSection
EndGlobal
